// !$*UTF8*$!
{
	archiveVersion = 1;
	classes = {
	};
	objectVersion = 56;
	objects = {

/* Begin PBXBuildFile section */
		643231DA2A9597F9004FFBB5 /* AppDelegate.swift in Sources */ = {isa = PBXBuildFile; fileRef = 643231D92A9597F9004FFBB5 /* AppDelegate.swift */; };
		643231DC2A9597F9004FFBB5 /* SceneDelegate.swift in Sources */ = {isa = PBXBuildFile; fileRef = 643231DB2A9597F9004FFBB5 /* SceneDelegate.swift */; };
		643231DE2A9597F9004FFBB5 /* ViewController.swift in Sources */ = {isa = PBXBuildFile; fileRef = 643231DD2A9597F9004FFBB5 /* ViewController.swift */; };
		643231E12A9597F9004FFBB5 /* Main.storyboard in Resources */ = {isa = PBXBuildFile; fileRef = 643231DF2A9597F9004FFBB5 /* Main.storyboard */; };
		643231E32A9597FA004FFBB5 /* Assets.xcassets in Resources */ = {isa = PBXBuildFile; fileRef = 643231E22A9597FA004FFBB5 /* Assets.xcassets */; };
		643231E62A9597FA004FFBB5 /* LaunchScreen.storyboard in Resources */ = {isa = PBXBuildFile; fileRef = 643231E42A9597FA004FFBB5 /* LaunchScreen.storyboard */; };
		643231F12A9597FA004FFBB5 /* FelipeMirandaGitGlowTests.swift in Sources */ = {isa = PBXBuildFile; fileRef = 643231F02A9597FA004FFBB5 /* FelipeMirandaGitGlowTests.swift */; };
		643231FB2A9597FA004FFBB5 /* FelipeMirandaGitGlowUITests.swift in Sources */ = {isa = PBXBuildFile; fileRef = 643231FA2A9597FA004FFBB5 /* FelipeMirandaGitGlowUITests.swift */; };
		643231FD2A9597FA004FFBB5 /* FelipeMirandaGitGlowUITestsLaunchTests.swift in Sources */ = {isa = PBXBuildFile; fileRef = 643231FC2A9597FA004FFBB5 /* FelipeMirandaGitGlowUITestsLaunchTests.swift */; };
/* End PBXBuildFile section */

/* Begin PBXContainerItemProxy section */
		643231ED2A9597FA004FFBB5 /* PBXContainerItemProxy */ = {
			isa = PBXContainerItemProxy;
			containerPortal = 643231CE2A9597F9004FFBB5 /* Project object */;
			proxyType = 1;
			remoteGlobalIDString = 643231D52A9597F9004FFBB5;
			remoteInfo = FelipeMirandaGitGlow;
		};
		643231F72A9597FA004FFBB5 /* PBXContainerItemProxy */ = {
			isa = PBXContainerItemProxy;
			containerPortal = 643231CE2A9597F9004FFBB5 /* Project object */;
			proxyType = 1;
			remoteGlobalIDString = 643231D52A9597F9004FFBB5;
			remoteInfo = FelipeMirandaGitGlow;
		};
/* End PBXContainerItemProxy section */

/* Begin PBXFileReference section */
		643231D62A9597F9004FFBB5 /* FelipeMirandaGitGlow.app */ = {isa = PBXFileReference; explicitFileType = wrapper.application; includeInIndex = 0; path = FelipeMirandaGitGlow.app; sourceTree = BUILT_PRODUCTS_DIR; };
		643231D92A9597F9004FFBB5 /* AppDelegate.swift */ = {isa = PBXFileReference; lastKnownFileType = sourcecode.swift; path = AppDelegate.swift; sourceTree = "<group>"; };
		643231DB2A9597F9004FFBB5 /* SceneDelegate.swift */ = {isa = PBXFileReference; lastKnownFileType = sourcecode.swift; path = SceneDelegate.swift; sourceTree = "<group>"; };
		643231DD2A9597F9004FFBB5 /* ViewController.swift */ = {isa = PBXFileReference; lastKnownFileType = sourcecode.swift; path = ViewController.swift; sourceTree = "<group>"; };
		643231E02A9597F9004FFBB5 /* Base */ = {isa = PBXFileReference; lastKnownFileType = file.storyboard; name = Base; path = Base.lproj/Main.storyboard; sourceTree = "<group>"; };
		643231E22A9597FA004FFBB5 /* Assets.xcassets */ = {isa = PBXFileReference; lastKnownFileType = folder.assetcatalog; path = Assets.xcassets; sourceTree = "<group>"; };
		643231E52A9597FA004FFBB5 /* Base */ = {isa = PBXFileReference; lastKnownFileType = file.storyboard; name = Base; path = Base.lproj/LaunchScreen.storyboard; sourceTree = "<group>"; };
		643231E72A9597FA004FFBB5 /* Info.plist */ = {isa = PBXFileReference; lastKnownFileType = text.plist.xml; path = Info.plist; sourceTree = "<group>"; };
		643231EC2A9597FA004FFBB5 /* FelipeMirandaGitGlowTests.xctest */ = {isa = PBXFileReference; explicitFileType = wrapper.cfbundle; includeInIndex = 0; path = FelipeMirandaGitGlowTests.xctest; sourceTree = BUILT_PRODUCTS_DIR; };
		643231F02A9597FA004FFBB5 /* FelipeMirandaGitGlowTests.swift */ = {isa = PBXFileReference; lastKnownFileType = sourcecode.swift; path = FelipeMirandaGitGlowTests.swift; sourceTree = "<group>"; };
		643231F62A9597FA004FFBB5 /* FelipeMirandaGitGlowUITests.xctest */ = {isa = PBXFileReference; explicitFileType = wrapper.cfbundle; includeInIndex = 0; path = FelipeMirandaGitGlowUITests.xctest; sourceTree = BUILT_PRODUCTS_DIR; };
		643231FA2A9597FA004FFBB5 /* FelipeMirandaGitGlowUITests.swift */ = {isa = PBXFileReference; lastKnownFileType = sourcecode.swift; path = FelipeMirandaGitGlowUITests.swift; sourceTree = "<group>"; };
		643231FC2A9597FA004FFBB5 /* FelipeMirandaGitGlowUITestsLaunchTests.swift */ = {isa = PBXFileReference; lastKnownFileType = sourcecode.swift; path = FelipeMirandaGitGlowUITestsLaunchTests.swift; sourceTree = "<group>"; };
/* End PBXFileReference section */

/* Begin PBXFrameworksBuildPhase section */
		643231D32A9597F9004FFBB5 /* Frameworks */ = {
			isa = PBXFrameworksBuildPhase;
			buildActionMask = 2147483647;
			files = (
			);
			runOnlyForDeploymentPostprocessing = 0;
		};
		643231E92A9597FA004FFBB5 /* Frameworks */ = {
			isa = PBXFrameworksBuildPhase;
			buildActionMask = 2147483647;
			files = (
			);
			runOnlyForDeploymentPostprocessing = 0;
		};
		643231F32A9597FA004FFBB5 /* Frameworks */ = {
			isa = PBXFrameworksBuildPhase;
			buildActionMask = 2147483647;
			files = (
			);
			runOnlyForDeploymentPostprocessing = 0;
		};
/* End PBXFrameworksBuildPhase section */

/* Begin PBXGroup section */
		643231CD2A9597F9004FFBB5 = {
			isa = PBXGroup;
			children = (
				643231D82A9597F9004FFBB5 /* FelipeMirandaGitGlow */,
				643231EF2A9597FA004FFBB5 /* FelipeMirandaGitGlowTests */,
				643231F92A9597FA004FFBB5 /* FelipeMirandaGitGlowUITests */,
				643231D72A9597F9004FFBB5 /* Products */,
			);
			sourceTree = "<group>";
		};
		643231D72A9597F9004FFBB5 /* Products */ = {
			isa = PBXGroup;
			children = (
				643231D62A9597F9004FFBB5 /* FelipeMirandaGitGlow.app */,
				643231EC2A9597FA004FFBB5 /* FelipeMirandaGitGlowTests.xctest */,
				643231F62A9597FA004FFBB5 /* FelipeMirandaGitGlowUITests.xctest */,
			);
			name = Products;
			sourceTree = "<group>";
		};
		643231D82A9597F9004FFBB5 /* FelipeMirandaGitGlow */ = {
			isa = PBXGroup;
			children = (
				643231D92A9597F9004FFBB5 /* AppDelegate.swift */,
				643231DB2A9597F9004FFBB5 /* SceneDelegate.swift */,
				643231DD2A9597F9004FFBB5 /* ViewController.swift */,
				643231DF2A9597F9004FFBB5 /* Main.storyboard */,
				643231E22A9597FA004FFBB5 /* Assets.xcassets */,
				643231E42A9597FA004FFBB5 /* LaunchScreen.storyboard */,
				643231E72A9597FA004FFBB5 /* Info.plist */,
			);
			path = FelipeMirandaGitGlow;
			sourceTree = "<group>";
		};
		643231EF2A9597FA004FFBB5 /* FelipeMirandaGitGlowTests */ = {
			isa = PBXGroup;
			children = (
				643231F02A9597FA004FFBB5 /* FelipeMirandaGitGlowTests.swift */,
			);
			path = FelipeMirandaGitGlowTests;
			sourceTree = "<group>";
		};
		643231F92A9597FA004FFBB5 /* FelipeMirandaGitGlowUITests */ = {
			isa = PBXGroup;
			children = (
				643231FA2A9597FA004FFBB5 /* FelipeMirandaGitGlowUITests.swift */,
				643231FC2A9597FA004FFBB5 /* FelipeMirandaGitGlowUITestsLaunchTests.swift */,
			);
			path = FelipeMirandaGitGlowUITests;
			sourceTree = "<group>";
		};
/* End PBXGroup section */

/* Begin PBXNativeTarget section */
		643231D52A9597F9004FFBB5 /* FelipeMirandaGitGlow */ = {
			isa = PBXNativeTarget;
			buildConfigurationList = 643232002A9597FA004FFBB5 /* Build configuration list for PBXNativeTarget "FelipeMirandaGitGlow" */;
			buildPhases = (
				643231D22A9597F9004FFBB5 /* Sources */,
				643231D32A9597F9004FFBB5 /* Frameworks */,
				643231D42A9597F9004FFBB5 /* Resources */,
			);
			buildRules = (
			);
			dependencies = (
			);
			name = FelipeMirandaGitGlow;
			productName = FelipeMirandaGitGlow;
			productReference = 643231D62A9597F9004FFBB5 /* FelipeMirandaGitGlow.app */;
			productType = "com.apple.product-type.application";
		};
		643231EB2A9597FA004FFBB5 /* FelipeMirandaGitGlowTests */ = {
			isa = PBXNativeTarget;
			buildConfigurationList = 643232032A9597FA004FFBB5 /* Build configuration list for PBXNativeTarget "FelipeMirandaGitGlowTests" */;
			buildPhases = (
				643231E82A9597FA004FFBB5 /* Sources */,
				643231E92A9597FA004FFBB5 /* Frameworks */,
				643231EA2A9597FA004FFBB5 /* Resources */,
			);
			buildRules = (
			);
			dependencies = (
				643231EE2A9597FA004FFBB5 /* PBXTargetDependency */,
			);
			name = FelipeMirandaGitGlowTests;
			productName = FelipeMirandaGitGlowTests;
			productReference = 643231EC2A9597FA004FFBB5 /* FelipeMirandaGitGlowTests.xctest */;
			productType = "com.apple.product-type.bundle.unit-test";
		};
		643231F52A9597FA004FFBB5 /* FelipeMirandaGitGlowUITests */ = {
			isa = PBXNativeTarget;
			buildConfigurationList = 643232062A9597FA004FFBB5 /* Build configuration list for PBXNativeTarget "FelipeMirandaGitGlowUITests" */;
			buildPhases = (
				643231F22A9597FA004FFBB5 /* Sources */,
				643231F32A9597FA004FFBB5 /* Frameworks */,
				643231F42A9597FA004FFBB5 /* Resources */,
			);
			buildRules = (
			);
			dependencies = (
				643231F82A9597FA004FFBB5 /* PBXTargetDependency */,
			);
			name = FelipeMirandaGitGlowUITests;
			productName = FelipeMirandaGitGlowUITests;
			productReference = 643231F62A9597FA004FFBB5 /* FelipeMirandaGitGlowUITests.xctest */;
			productType = "com.apple.product-type.bundle.ui-testing";
		};
/* End PBXNativeTarget section */

/* Begin PBXProject section */
		643231CE2A9597F9004FFBB5 /* Project object */ = {
			isa = PBXProject;
			attributes = {
				BuildIndependentTargetsInParallel = 1;
				LastSwiftUpdateCheck = 1430;
				LastUpgradeCheck = 1430;
				TargetAttributes = {
					643231D52A9597F9004FFBB5 = {
						CreatedOnToolsVersion = 14.3.1;
					};
					643231EB2A9597FA004FFBB5 = {
						CreatedOnToolsVersion = 14.3.1;
						TestTargetID = 643231D52A9597F9004FFBB5;
					};
					643231F52A9597FA004FFBB5 = {
						CreatedOnToolsVersion = 14.3.1;
						TestTargetID = 643231D52A9597F9004FFBB5;
					};
				};
			};
			buildConfigurationList = 643231D12A9597F9004FFBB5 /* Build configuration list for PBXProject "FelipeMirandaGitGlow" */;
			compatibilityVersion = "Xcode 14.0";
			developmentRegion = en;
			hasScannedForEncodings = 0;
			knownRegions = (
				en,
				Base,
			);
			mainGroup = 643231CD2A9597F9004FFBB5;
			productRefGroup = 643231D72A9597F9004FFBB5 /* Products */;
			projectDirPath = "";
			projectRoot = "";
			targets = (
				643231D52A9597F9004FFBB5 /* FelipeMirandaGitGlow */,
				643231EB2A9597FA004FFBB5 /* FelipeMirandaGitGlowTests */,
				643231F52A9597FA004FFBB5 /* FelipeMirandaGitGlowUITests */,
			);
		};
/* End PBXProject section */

/* Begin PBXResourcesBuildPhase section */
		643231D42A9597F9004FFBB5 /* Resources */ = {
			isa = PBXResourcesBuildPhase;
			buildActionMask = 2147483647;
			files = (
				643231E62A9597FA004FFBB5 /* LaunchScreen.storyboard in Resources */,
				643231E32A9597FA004FFBB5 /* Assets.xcassets in Resources */,
				643231E12A9597F9004FFBB5 /* Main.storyboard in Resources */,
			);
			runOnlyForDeploymentPostprocessing = 0;
		};
		643231EA2A9597FA004FFBB5 /* Resources */ = {
			isa = PBXResourcesBuildPhase;
			buildActionMask = 2147483647;
			files = (
			);
			runOnlyForDeploymentPostprocessing = 0;
		};
		643231F42A9597FA004FFBB5 /* Resources */ = {
			isa = PBXResourcesBuildPhase;
			buildActionMask = 2147483647;
			files = (
			);
			runOnlyForDeploymentPostprocessing = 0;
		};
/* End PBXResourcesBuildPhase section */

/* Begin PBXSourcesBuildPhase section */
		643231D22A9597F9004FFBB5 /* Sources */ = {
			isa = PBXSourcesBuildPhase;
			buildActionMask = 2147483647;
			files = (
				643231DE2A9597F9004FFBB5 /* ViewController.swift in Sources */,
				643231DA2A9597F9004FFBB5 /* AppDelegate.swift in Sources */,
				643231DC2A9597F9004FFBB5 /* SceneDelegate.swift in Sources */,
			);
			runOnlyForDeploymentPostprocessing = 0;
		};
		643231E82A9597FA004FFBB5 /* Sources */ = {
			isa = PBXSourcesBuildPhase;
			buildActionMask = 2147483647;
			files = (
				643231F12A9597FA004FFBB5 /* FelipeMirandaGitGlowTests.swift in Sources */,
			);
			runOnlyForDeploymentPostprocessing = 0;
		};
		643231F22A9597FA004FFBB5 /* Sources */ = {
			isa = PBXSourcesBuildPhase;
			buildActionMask = 2147483647;
			files = (
				643231FD2A9597FA004FFBB5 /* FelipeMirandaGitGlowUITestsLaunchTests.swift in Sources */,
				643231FB2A9597FA004FFBB5 /* FelipeMirandaGitGlowUITests.swift in Sources */,
			);
			runOnlyForDeploymentPostprocessing = 0;
		};
/* End PBXSourcesBuildPhase section */

/* Begin PBXTargetDependency section */
		643231EE2A9597FA004FFBB5 /* PBXTargetDependency */ = {
			isa = PBXTargetDependency;
			target = 643231D52A9597F9004FFBB5 /* FelipeMirandaGitGlow */;
			targetProxy = 643231ED2A9597FA004FFBB5 /* PBXContainerItemProxy */;
		};
		643231F82A9597FA004FFBB5 /* PBXTargetDependency */ = {
			isa = PBXTargetDependency;
			target = 643231D52A9597F9004FFBB5 /* FelipeMirandaGitGlow */;
			targetProxy = 643231F72A9597FA004FFBB5 /* PBXContainerItemProxy */;
		};
/* End PBXTargetDependency section */

/* Begin PBXVariantGroup section */
		643231DF2A9597F9004FFBB5 /* Main.storyboard */ = {
			isa = PBXVariantGroup;
			children = (
				643231E02A9597F9004FFBB5 /* Base */,
			);
			name = Main.storyboard;
			sourceTree = "<group>";
		};
		643231E42A9597FA004FFBB5 /* LaunchScreen.storyboard */ = {
			isa = PBXVariantGroup;
			children = (
				643231E52A9597FA004FFBB5 /* Base */,
			);
			name = LaunchScreen.storyboard;
			sourceTree = "<group>";
		};
/* End PBXVariantGroup section */

/* Begin XCBuildConfiguration section */
		643231FE2A9597FA004FFBB5 /* Debug */ = {
			isa = XCBuildConfiguration;
			buildSettings = {
				ALWAYS_SEARCH_USER_PATHS = NO;
				CLANG_ANALYZER_NONNULL = YES;
				CLANG_ANALYZER_NUMBER_OBJECT_CONVERSION = YES_AGGRESSIVE;
				CLANG_CXX_LANGUAGE_STANDARD = "gnu++20";
				CLANG_ENABLE_MODULES = YES;
				CLANG_ENABLE_OBJC_ARC = YES;
				CLANG_ENABLE_OBJC_WEAK = YES;
				CLANG_WARN_BLOCK_CAPTURE_AUTORELEASING = YES;
				CLANG_WARN_BOOL_CONVERSION = YES;
				CLANG_WARN_COMMA = YES;
				CLANG_WARN_CONSTANT_CONVERSION = YES;
				CLANG_WARN_DEPRECATED_OBJC_IMPLEMENTATIONS = YES;
				CLANG_WARN_DIRECT_OBJC_ISA_USAGE = YES_ERROR;
				CLANG_WARN_DOCUMENTATION_COMMENTS = YES;
				CLANG_WARN_EMPTY_BODY = YES;
				CLANG_WARN_ENUM_CONVERSION = YES;
				CLANG_WARN_INFINITE_RECURSION = YES;
				CLANG_WARN_INT_CONVERSION = YES;
				CLANG_WARN_NON_LITERAL_NULL_CONVERSION = YES;
				CLANG_WARN_OBJC_IMPLICIT_RETAIN_SELF = YES;
				CLANG_WARN_OBJC_LITERAL_CONVERSION = YES;
				CLANG_WARN_OBJC_ROOT_CLASS = YES_ERROR;
				CLANG_WARN_QUOTED_INCLUDE_IN_FRAMEWORK_HEADER = YES;
				CLANG_WARN_RANGE_LOOP_ANALYSIS = YES;
				CLANG_WARN_STRICT_PROTOTYPES = YES;
				CLANG_WARN_SUSPICIOUS_MOVE = YES;
				CLANG_WARN_UNGUARDED_AVAILABILITY = YES_AGGRESSIVE;
				CLANG_WARN_UNREACHABLE_CODE = YES;
				CLANG_WARN__DUPLICATE_METHOD_MATCH = YES;
				COPY_PHASE_STRIP = NO;
				DEBUG_INFORMATION_FORMAT = dwarf;
				ENABLE_STRICT_OBJC_MSGSEND = YES;
				ENABLE_TESTABILITY = YES;
				GCC_C_LANGUAGE_STANDARD = gnu11;
				GCC_DYNAMIC_NO_PIC = NO;
				GCC_NO_COMMON_BLOCKS = YES;
				GCC_OPTIMIZATION_LEVEL = 0;
				GCC_PREPROCESSOR_DEFINITIONS = (
					"DEBUG=1",
					"$(inherited)",
				);
				GCC_WARN_64_TO_32_BIT_CONVERSION = YES;
				GCC_WARN_ABOUT_RETURN_TYPE = YES_ERROR;
				GCC_WARN_UNDECLARED_SELECTOR = YES;
				GCC_WARN_UNINITIALIZED_AUTOS = YES_AGGRESSIVE;
				GCC_WARN_UNUSED_FUNCTION = YES;
				GCC_WARN_UNUSED_VARIABLE = YES;
				IPHONEOS_DEPLOYMENT_TARGET = 16.4;
				MTL_ENABLE_DEBUG_INFO = INCLUDE_SOURCE;
				MTL_FAST_MATH = YES;
				ONLY_ACTIVE_ARCH = YES;
				SDKROOT = iphoneos;
				SWIFT_ACTIVE_COMPILATION_CONDITIONS = DEBUG;
				SWIFT_OPTIMIZATION_LEVEL = "-Onone";
			};
			name = Debug;
		};
		643231FF2A9597FA004FFBB5 /* Release */ = {
			isa = XCBuildConfiguration;
			buildSettings = {
				ALWAYS_SEARCH_USER_PATHS = NO;
				CLANG_ANALYZER_NONNULL = YES;
				CLANG_ANALYZER_NUMBER_OBJECT_CONVERSION = YES_AGGRESSIVE;
				CLANG_CXX_LANGUAGE_STANDARD = "gnu++20";
				CLANG_ENABLE_MODULES = YES;
				CLANG_ENABLE_OBJC_ARC = YES;
				CLANG_ENABLE_OBJC_WEAK = YES;
				CLANG_WARN_BLOCK_CAPTURE_AUTORELEASING = YES;
				CLANG_WARN_BOOL_CONVERSION = YES;
				CLANG_WARN_COMMA = YES;
				CLANG_WARN_CONSTANT_CONVERSION = YES;
				CLANG_WARN_DEPRECATED_OBJC_IMPLEMENTATIONS = YES;
				CLANG_WARN_DIRECT_OBJC_ISA_USAGE = YES_ERROR;
				CLANG_WARN_DOCUMENTATION_COMMENTS = YES;
				CLANG_WARN_EMPTY_BODY = YES;
				CLANG_WARN_ENUM_CONVERSION = YES;
				CLANG_WARN_INFINITE_RECURSION = YES;
				CLANG_WARN_INT_CONVERSION = YES;
				CLANG_WARN_NON_LITERAL_NULL_CONVERSION = YES;
				CLANG_WARN_OBJC_IMPLICIT_RETAIN_SELF = YES;
				CLANG_WARN_OBJC_LITERAL_CONVERSION = YES;
				CLANG_WARN_OBJC_ROOT_CLASS = YES_ERROR;
				CLANG_WARN_QUOTED_INCLUDE_IN_FRAMEWORK_HEADER = YES;
				CLANG_WARN_RANGE_LOOP_ANALYSIS = YES;
				CLANG_WARN_STRICT_PROTOTYPES = YES;
				CLANG_WARN_SUSPICIOUS_MOVE = YES;
				CLANG_WARN_UNGUARDED_AVAILABILITY = YES_AGGRESSIVE;
				CLANG_WARN_UNREACHABLE_CODE = YES;
				CLANG_WARN__DUPLICATE_METHOD_MATCH = YES;
				COPY_PHASE_STRIP = NO;
				DEBUG_INFORMATION_FORMAT = "dwarf-with-dsym";
				ENABLE_NS_ASSERTIONS = NO;
				ENABLE_STRICT_OBJC_MSGSEND = YES;
				GCC_C_LANGUAGE_STANDARD = gnu11;
				GCC_NO_COMMON_BLOCKS = YES;
				GCC_WARN_64_TO_32_BIT_CONVERSION = YES;
				GCC_WARN_ABOUT_RETURN_TYPE = YES_ERROR;
				GCC_WARN_UNDECLARED_SELECTOR = YES;
				GCC_WARN_UNINITIALIZED_AUTOS = YES_AGGRESSIVE;
				GCC_WARN_UNUSED_FUNCTION = YES;
				GCC_WARN_UNUSED_VARIABLE = YES;
				IPHONEOS_DEPLOYMENT_TARGET = 16.4;
				MTL_ENABLE_DEBUG_INFO = NO;
				MTL_FAST_MATH = YES;
				SDKROOT = iphoneos;
				SWIFT_COMPILATION_MODE = wholemodule;
				SWIFT_OPTIMIZATION_LEVEL = "-O";
				VALIDATE_PRODUCT = YES;
			};
			name = Release;
		};
		643232012A9597FA004FFBB5 /* Debug */ = {
			isa = XCBuildConfiguration;
			buildSettings = {
				ASSETCATALOG_COMPILER_APPICON_NAME = AppIcon;
				ASSETCATALOG_COMPILER_GLOBAL_ACCENT_COLOR_NAME = AccentColor;
				CODE_SIGN_STYLE = Automatic;
				CURRENT_PROJECT_VERSION = 1;
				GENERATE_INFOPLIST_FILE = YES;
				INFOPLIST_FILE = FelipeMirandaGitGlow/Info.plist;
				INFOPLIST_KEY_UIApplicationSupportsIndirectInputEvents = YES;
				INFOPLIST_KEY_UILaunchStoryboardName = LaunchScreen;
				INFOPLIST_KEY_UIMainStoryboardFile = Main;
				INFOPLIST_KEY_UISupportedInterfaceOrientations_iPad = "UIInterfaceOrientationPortrait UIInterfaceOrientationPortraitUpsideDown UIInterfaceOrientationLandscapeLeft UIInterfaceOrientationLandscapeRight";
				INFOPLIST_KEY_UISupportedInterfaceOrientations_iPhone = "UIInterfaceOrientationPortrait UIInterfaceOrientationLandscapeLeft UIInterfaceOrientationLandscapeRight";
				LD_RUNPATH_SEARCH_PATHS = (
					"$(inherited)",
					"@executable_path/Frameworks",
				);
				MARKETING_VERSION = 1.0;
				PRODUCT_BUNDLE_IDENTIFIER = backfront.FelipeMirandaGitGlow;
				PRODUCT_NAME = "$(TARGET_NAME)";
				SWIFT_EMIT_LOC_STRINGS = YES;
				SWIFT_VERSION = 5.0;
				TARGETED_DEVICE_FAMILY = "1,2";
			};
			name = Debug;
		};
		643232022A9597FA004FFBB5 /* Release */ = {
			isa = XCBuildConfiguration;
			buildSettings = {
				ASSETCATALOG_COMPILER_APPICON_NAME = AppIcon;
				ASSETCATALOG_COMPILER_GLOBAL_ACCENT_COLOR_NAME = AccentColor;
				CODE_SIGN_STYLE = Automatic;
				CURRENT_PROJECT_VERSION = 1;
				GENERATE_INFOPLIST_FILE = YES;
				INFOPLIST_FILE = FelipeMirandaGitGlow/Info.plist;
				INFOPLIST_KEY_UIApplicationSupportsIndirectInputEvents = YES;
				INFOPLIST_KEY_UILaunchStoryboardName = LaunchScreen;
				INFOPLIST_KEY_UIMainStoryboardFile = Main;
				INFOPLIST_KEY_UISupportedInterfaceOrientations_iPad = "UIInterfaceOrientationPortrait UIInterfaceOrientationPortraitUpsideDown UIInterfaceOrientationLandscapeLeft UIInterfaceOrientationLandscapeRight";
				INFOPLIST_KEY_UISupportedInterfaceOrientations_iPhone = "UIInterfaceOrientationPortrait UIInterfaceOrientationLandscapeLeft UIInterfaceOrientationLandscapeRight";
				LD_RUNPATH_SEARCH_PATHS = (
					"$(inherited)",
					"@executable_path/Frameworks",
				);
				MARKETING_VERSION = 1.0;
				PRODUCT_BUNDLE_IDENTIFIER = backfront.FelipeMirandaGitGlow;
				PRODUCT_NAME = "$(TARGET_NAME)";
				SWIFT_EMIT_LOC_STRINGS = YES;
				SWIFT_VERSION = 5.0;
				TARGETED_DEVICE_FAMILY = "1,2";
			};
			name = Release;
		};
		643232042A9597FA004FFBB5 /* Debug */ = {
			isa = XCBuildConfiguration;
			buildSettings = {
				ALWAYS_EMBED_SWIFT_STANDARD_LIBRARIES = YES;
				BUNDLE_LOADER = "$(TEST_HOST)";
				CODE_SIGN_STYLE = Automatic;
				CURRENT_PROJECT_VERSION = 1;
				GENERATE_INFOPLIST_FILE = YES;
				IPHONEOS_DEPLOYMENT_TARGET = 16.4;
				MARKETING_VERSION = 1.0;
				PRODUCT_BUNDLE_IDENTIFIER = backfront.FelipeMirandaGitGlowTests;
				PRODUCT_NAME = "$(TARGET_NAME)";
				SWIFT_EMIT_LOC_STRINGS = NO;
				SWIFT_VERSION = 5.0;
				TARGETED_DEVICE_FAMILY = "1,2";
				TEST_HOST = "$(BUILT_PRODUCTS_DIR)/FelipeMirandaGitGlow.app/$(BUNDLE_EXECUTABLE_FOLDER_PATH)/FelipeMirandaGitGlow";
			};
			name = Debug;
		};
		643232052A9597FA004FFBB5 /* Release */ = {
			isa = XCBuildConfiguration;
			buildSettings = {
				ALWAYS_EMBED_SWIFT_STANDARD_LIBRARIES = YES;
				BUNDLE_LOADER = "$(TEST_HOST)";
				CODE_SIGN_STYLE = Automatic;
				CURRENT_PROJECT_VERSION = 1;
				GENERATE_INFOPLIST_FILE = YES;
				IPHONEOS_DEPLOYMENT_TARGET = 16.4;
				MARKETING_VERSION = 1.0;
				PRODUCT_BUNDLE_IDENTIFIER = backfront.FelipeMirandaGitGlowTests;
				PRODUCT_NAME = "$(TARGET_NAME)";
				SWIFT_EMIT_LOC_STRINGS = NO;
				SWIFT_VERSION = 5.0;
				TARGETED_DEVICE_FAMILY = "1,2";
				TEST_HOST = "$(BUILT_PRODUCTS_DIR)/FelipeMirandaGitGlow.app/$(BUNDLE_EXECUTABLE_FOLDER_PATH)/FelipeMirandaGitGlow";
			};
			name = Release;
		};
		643232072A9597FA004FFBB5 /* Debug */ = {
			isa = XCBuildConfiguration;
			buildSettings = {
				ALWAYS_EMBED_SWIFT_STANDARD_LIBRARIES = YES;
				CODE_SIGN_STYLE = Automatic;
				CURRENT_PROJECT_VERSION = 1;
				GENERATE_INFOPLIST_FILE = YES;
				MARKETING_VERSION = 1.0;
				PRODUCT_BUNDLE_IDENTIFIER = backfront.FelipeMirandaGitGlowUITests;
				PRODUCT_NAME = "$(TARGET_NAME)";
				SWIFT_EMIT_LOC_STRINGS = NO;
				SWIFT_VERSION = 5.0;
				TARGETED_DEVICE_FAMILY = "1,2";
				TEST_TARGET_NAME = FelipeMirandaGitGlow;
			};
			name = Debug;
		};
		643232082A9597FA004FFBB5 /* Release */ = {
			isa = XCBuildConfiguration;
			buildSettings = {
				ALWAYS_EMBED_SWIFT_STANDARD_LIBRARIES = YES;
				CODE_SIGN_STYLE = Automatic;
				CURRENT_PROJECT_VERSION = 1;
				GENERATE_INFOPLIST_FILE = YES;
				MARKETING_VERSION = 1.0;
				PRODUCT_BUNDLE_IDENTIFIER = backfront.FelipeMirandaGitGlowUITests;
				PRODUCT_NAME = "$(TARGET_NAME)";
				SWIFT_EMIT_LOC_STRINGS = NO;
				SWIFT_VERSION = 5.0;
				TARGETED_DEVICE_FAMILY = "1,2";
				TEST_TARGET_NAME = FelipeMirandaGitGlow;
			};
			name = Release;
		};
/* End XCBuildConfiguration section */

/* Begin XCConfigurationList section */
		643231D12A9597F9004FFBB5 /* Build configuration list for PBXProject "FelipeMirandaGitGlow" */ = {
			isa = XCConfigurationList;
			buildConfigurations = (
				643231FE2A9597FA004FFBB5 /* Debug */,
				643231FF2A9597FA004FFBB5 /* Release */,
			);
			defaultConfigurationIsVisible = 0;
			defaultConfigurationName = Release;
		};
		643232002A9597FA004FFBB5 /* Build configuration list for PBXNativeTarget "FelipeMirandaGitGlow" */ = {
			isa = XCConfigurationList;
			buildConfigurations = (
				643232012A9597FA004FFBB5 /* Debug */,
				643232022A9597FA004FFBB5 /* Release */,
			);
			defaultConfigurationIsVisible = 0;
			defaultConfigurationName = Release;
		};
		643232032A9597FA004FFBB5 /* Build configuration list for PBXNativeTarget "FelipeMirandaGitGlowTests" */ = {
			isa = XCConfigurationList;
			buildConfigurations = (
				643232042A9597FA004FFBB5 /* Debug */,
				643232052A9597FA004FFBB5 /* Release */,
			);
			defaultConfigurationIsVisible = 0;
			defaultConfigurationName = Release;
		};
		643232062A9597FA004FFBB5 /* Build configuration list for PBXNativeTarget "FelipeMirandaGitGlowUITests" */ = {
			isa = XCConfigurationList;
			buildConfigurations = (
				643232072A9597FA004FFBB5 /* Debug */,
				643232082A9597FA004FFBB5 /* Release */,
			);
			defaultConfigurationIsVisible = 0;
			defaultConfigurationName = Release;
		};
/* End XCConfigurationList section */
	};
	rootObject = 643231CE2A9597F9004FFBB5 /* Project object */;
}
